{
	archiveVersion = 1;
	classes = {
	};
	objectVersion = 77;
	objects = {

/* Begin PBXContainerItemProxy section */
		20B5D7872D330CD100DF71FC /* PBXContainerItemProxy */ = {
			isa = PBXContainerItemProxy;
			containerPortal = 20B5D76E2D330CCF00DF71FC /* Project object */;
			proxyType = 1;
			remoteGlobalIDString = 20B5D7752D330CCF00DF71FC;
			remoteInfo = arcKB;
		};
		20B5D7912D330CD100DF71FC /* PBXContainerItemProxy */ = {
			isa = PBXContainerItemProxy;
			containerPortal = 20B5D76E2D330CCF00DF71FC /* Project object */;
			proxyType = 1;
			remoteGlobalIDString = 20B5D7752D330CCF00DF71FC;
			remoteInfo = arcKB;
		};
/* End PBXContainerItemProxy section */

/* Begin PBXFileReference section */
		20B5D7762D330CCF00DF71FC /* arcKB.app */ = {isa = PBXFileReference; explicitFileType = wrapper.application; includeInIndex = 0; path = arcKB.app; sourceTree = BUILT_PRODUCTS_DIR; };
		20B5D7862D330CD100DF71FC /* arcKBTests.xctest */ = {isa = PBXFileReference; explicitFileType = wrapper.cfbundle; includeInIndex = 0; path = arcKBTests.xctest; sourceTree = BUILT_PRODUCTS_DIR; };
		20B5D7902D330CD100DF71FC /* arcKBUITests.xctest */ = {isa = PBXFileReference; explicitFileType = wrapper.cfbundle; includeInIndex = 0; path = arcKBUITests.xctest; sourceTree = BUILT_PRODUCTS_DIR; };
		20B5D7A32D330CD100DF71FC /* FullWidthContainerView.swift */ = {isa = PBXFileReference; lastKnownFileType = sourcecode.swift; path = FullWidthContainerView.swift; sourceTree = "<group>"; };
		20B5D7A42D330CD100DF71FC /* SplatView.swift */ = {isa = PBXFileReference; lastKnownFileType = sourcecode.swift; path = SplatView.swift; sourceTree = "<group>"; };
		20B5D7A52D330CD100DF71FC /* MeshView.swift */ = {isa = PBXFileReference; lastKnownFileType = sourcecode.swift; path = MeshView.swift; sourceTree = "<group>"; };
/* End PBXFileReference section */

/* Begin PBXFileSystemSynchronizedRootGroup section */
		20B5D7782D330CCF00DF71FC /* arcKB */ = {
			isa = PBXFileSystemSynchronizedRootGroup;
			children = (
				20B5D7A32D330CD100DF71FC /* FullWidthContainerView.swift */,
				20B5D7A42D330CD100DF71FC /* SplatView.swift */,
				20B5D7A52D330CD100DF71FC /* MeshView.swift */,
			);
			path = arcKB;
			sourceTree = "<group>";
		};
		20B5D7892D330CD100DF71FC /* arcKBTests */ = {
			isa = PBXFileSystemSynchronizedRootGroup;
			path = arcKBTests;
			sourceTree = "<group>";
		};
		20B5D7932D330CD100DF71FC /* arcKBUITests */ = {
			isa = PBXFileSystemSynchronizedRootGroup;
			path = arcKBUITests;
			sourceTree = "<group>";
		};
/* End PBXFileSystemSynchronizedRootGroup section */

/* Begin PBXFrameworksBuildPhase section */
		20B5D7732D330CCF00DF71FC /* Frameworks */ = {
			isa = PBXFrameworksBuildPhase;
			buildActionMask = 2147483647;
			files = (
			);
			runOnlyForDeploymentPostprocessing = 0;
		};
		20B5D7832D330CD100DF71FC /* Frameworks */ = {
			isa = PBXFrameworksBuildPhase;
			buildActionMask = 2147483647;
			files = (
			);
			runOnlyForDeploymentPostprocessing = 0;
		};
		20B5D78D2D330CD100DF71FC /* Frameworks */ = {
			isa = PBXFrameworksBuildPhase;
			buildActionMask = 2147483647;
			files = (
			);
			runOnlyForDeploymentPostprocessing = 0;
		};
/* End PBXFrameworksBuildPhase section */

/* Begin PBXGroup section */
		20B5D76D2D330CCF00DF71FC = {
			isa = PBXGroup;
			children = (
				20B5D7782D330CCF00DF71FC /* arcKB */,
				20B5D7892D330CD100DF71FC /* arcKBTests */,
				20B5D7932D330CD100DF71FC /* arcKBUITests */,
				20B5D7772D330CCF00DF71FC /* Products */,
			);
			sourceTree = "<group>";
		};
		20B5D7772D330CCF00DF71FC /* Products */ = {
			isa = PBXGroup;
			children = (
				20B5D7762D330CCF00DF71FC /* arcKB.app */,
				20B5D7862D330CD100DF71FC /* arcKBTests.xctest */,
				20B5D7902D330CD100DF71FC /* arcKBUITests.xctest */,
			);
			name = Products;
			sourceTree = "<group>";
		};
/* End PBXGroup section */

/* Begin PBXNativeTarget section */
		20B5D7752D330CCF00DF71FC /* arcKB */ = {
			isa = PBXNativeTarget;
			buildConfigurationList = 20B5D79A2D330CD100DF71FC /* Build configuration list for PBXNativeTarget "arcKB" */;
			buildPhases = (
				20B5D7722D330CCF00DF71FC /* Sources */,
				20B5D7732D330CCF00DF71FC /* Frameworks */,
				20B5D7742D330CCF00DF71FC /* Resources */,
			);
			buildRules = (
			);
			dependencies = (
			);
			fileSystemSynchronizedGroups = (
				20B5D7782D330CCF00DF71FC /* arcKB */,
			);
			name = arcKB;
			packageProductDependencies = (
			);
			productName = arcKB;
			productReference = 20B5D7762D330CCF00DF71FC /* arcKB.app */;
			productType = "com.apple.product-type.application";
		};
		20B5D7852D330CD100DF71FC /* arcKBTests */ = {
			isa = PBXNativeTarget;
			buildConfigurationList = 20B5D79D2D330CD100DF71FC /* Build configuration list for PBXNativeTarget "arcKBTests" */;
			buildPhases = (
				20B5D7822D330CD100DF71FC /* Sources */,
				20B5D7832D330CD100DF71FC /* Frameworks */,
				20B5D7842D330CD100DF71FC /* Resources */,
			);
			buildRules = (
			);
			dependencies = (
				20B5D7882D330CD100DF71FC /* PBXTargetDependency */,
			);
			fileSystemSynchronizedGroups = (
				20B5D7892D330CD100DF71FC /* arcKBTests */,
			);
			name = arcKBTests;
			packageProductDependencies = (
			);
			productName = arcKBTests;
			productReference = 20B5D7862D330CD100DF71FC /* arcKBTests.xctest */;
			productType = "com.apple.product-type.bundle.unit-test";
		};
		20B5D78F2D330CD100DF71FC /* arcKBUITests */ = {
			isa = PBXNativeTarget;
			buildConfigurationList = 20B5D7A02D330CD100DF71FC /* Build configuration list for PBXNativeTarget "arcKBUITests" */;
			buildPhases = (
				20B5D78C2D330CD100DF71FC /* Sources */,
				20B5D78D2D330CD100DF71FC /* Frameworks */,
				20B5D78E2D330CD100DF71FC /* Resources */,
			);
			buildRules = (
			);
			dependencies = (
				20B5D7922D330CD100DF71FC /* PBXTargetDependency */,
			);
			fileSystemSynchronizedGroups = (
				20B5D7932D330CD100DF71FC /* arcKBUITests */,
			);
			name = arcKBUITests;
			packageProductDependencies = (
			);
			productName = arcKBUITests;
			productReference = 20B5D7902D330CD100DF71FC /* arcKBUITests.xctest */;
			productType = "com.apple.product-type.bundle.ui-testing";
		};
/* End PBXNativeTarget section */

/* Begin PBXProject section */
		20B5D76E2D330CCF00DF71FC /* Project object */ = {
			isa = PBXProject;
			attributes = {
				BuildIndependentTargetsInParallel = 1;
				LastSwiftUpdateCheck = 1600;
				LastUpgradeCheck = 1600;
				TargetAttributes = {
					20B5D7752D330CCF00DF71FC = {
						CreatedOnToolsVersion = 16.0;
					};
					20B5D7852D330CD100DF71FC = {
						CreatedOnToolsVersion = 16.0;
						TestTargetID = 20B5D7752D330CCF00DF71FC;
					};
					20B5D78F2D330CD100DF71FC = {
						CreatedOnToolsVersion = 16.0;
						TestTargetID = 20B5D7752D330CCF00DF71FC;
					};
				};
			};
			buildConfigurationList = 20B5D7712D330CCF00DF71FC /* Build configuration list for PBXProject "arcKB" */;
			developmentRegion = en;
			hasScannedForEncodings = 0;
			knownRegions = (
				en,
				Base,
			);
			mainGroup = 20B5D76D2D330CCF00DF71FC;
			minimizedProjectReferenceProxies = 1;
			preferredProjectObjectVersion = 77;
			productRefGroup = 20B5D7772D330CCF00DF71FC /* Products */;
			projectDirPath = "";
			projectRoot = "";
			targets = (
				20B5D7752D330CCF00DF71FC /* arcKB */,
				20B5D7852D330CD100DF71FC /* arcKBTests */,
				20B5D78F2D330CD100DF71FC /* arcKBUITests */,
			);
		};
/* End PBXProject section */

/* Begin PBXResourcesBuildPhase section */
		20B5D7742D330CCF00DF71FC /* Resources */ = {
			isa = PBXResourcesBuildPhase;
			buildActionMask = 2147483647;
			files = (
			);
			runOnlyForDeploymentPostprocessing = 0;
		};
		20B5D7842D330CD100DF71FC /* Resources */ = {
			isa = PBXResourcesBuildPhase;
			buildActionMask = 2147483647;
			files = (
			);
			runOnlyForDeploymentPostprocessing = 0;
		};
		20B5D78E2D330CD100DF71FC /* Resources */ = {
			isa = PBXResourcesBuildPhase;
			buildActionMask = 2147483647;
			files = (
			);
			runOnlyForDeploymentPostprocessing = 0;
		};
/* End PBXResourcesBuildPhase section */

/* Begin PBXSourcesBuildPhase section */
		20B5D7722D330CCF00DF71FC /* Sources */ = {
			isa = PBXSourcesBuildPhase;
			buildActionMask = 2147483647;
			files = (
				20B5D7A62D330CD100DF71FC /* FullWidthContainerView.swift in Sources */,
				20B5D7A72D330CD100DF71FC /* SplatView.swift in Sources */,
				20B5D7A82D330CD100DF71FC /* MeshView.swift in Sources */,
			);
			runOnlyForDeploymentPostprocessing = 0;
		};
		20B5D7822D330CD100DF71FC /* Sources */ = {
			isa = PBXSourcesBuildPhase;
			buildActionMask = 2147483647;
			files = (
			);
			runOnlyForDeploymentPostprocessing = 0;
		};
		20B5D78C2D330CD100DF71FC /* Sources */ = {
			isa = PBXSourcesBuildPhase;
			buildActionMask = 2147483647;
			files = (
			);
			runOnlyForDeploymentPostprocessing = 0;
		};
/* End PBXSourcesBuildPhase section */

/* Begin PBXTargetDependency section */
		20B5D7882D330CD100DF71FC /* PBXTargetDependency */ = {
			isa = PBXTargetDependency;
			target = 20B5D7752D330CCF00DF71FC /* arcKB */;
			targetProxy = 20B5D7872D330CD100DF71FC /* PBXContainerItemProxy */;
		};
		20B5D7922D330CD100DF71FC /* PBXTargetDependency */ = {
			isa = PBXTargetDependency;
			target = 20B5D7752D330CCF00DF71FC /* arcKB */;
			targetProxy = 20B5D7912D330CD100DF71FC /* PBXContainerItemProxy */;
		};
/* End PBXTargetDependency section */

/* Begin XCBuildConfiguration section */
		20B5D7982D330CD100DF71FC /* Debug */ = {
			isa = XCBuildConfiguration;
			buildSettings = {
				ALWAYS_SEARCH_USER_PATHS = NO;
				ASSETCATALOG_COMPILER_GENERATE_SWIFT_ASSET_SYMBOL_EXTENSIONS = YES;
				CLANG_ANALYZER_NONNULL = YES;
				CLANG_ANALYZER_NUMBER_OBJECT_CONVERSION = YES_AGGRESSIVE;
				CLANG_CXX_LANGUAGE_STANDARD = "gnu++20";
				CLANG_ENABLE_MODULES = YES;
				CLANG_ENABLE_OBJC_ARC = YES;
				CLANG_ENABLE_OBJC_WEAK = YES;
				CLANG_WARN_BLOCK_CAPTURE_AUTORELEASING = YES;
				CLANG_WARN_BOOL_CONVERSION = YES;
				CLANG_WARN_COMMA = YES;
				CLANG_WARN_CONSTANT_CONVERSION = YES;
				CLANG_WARN_DEPRECATED_OBJC_IMPLEMENTATIONS = YES;
				CLANG_WARN_DIRECT_OBJC_ISA_USAGE = YES_ERROR;
				CLANG_WARN_DOCUMENTATION_COMMENTS = YES;
				CLANG_WARN_EMPTY_BODY = YES;
				CLANG_WARN_ENUM_CONVERSION = YES;
				CLANG_WARN_INFINITE_RECURSION = YES;
				CLANG_WARN_INT_CONVERSION = YES;
				CLANG_WARN_NON_LITERAL_NULL_CONVERSION = YES;
				CLANG_WARN_OBJC_IMPLICIT_RETAIN_SELF = YES;
				CLANG_WARN_OBJC_LITERAL_CONVERSION = YES;
				CLANG_WARN_OBJC_ROOT_CLASS = YES_ERROR;
				CLANG_WARN_QUOTED_INCLUDE_IN_FRAMEWORK_HEADER = YES;
				CLANG_WARN_RANGE_LOOP_ANALYSIS = YES;
				CLANG_WARN_STRICT_PROTOTYPES = YES;
				CLANG_WARN_SUSPICIOUS_MOVE = YES;
				CLANG_WARN_UNGUARDED_AVAILABILITY = YES_AGGRESSIVE;
				CLANG_WARN_UNREACHABLE_CODE = YES;
				CLANG_WARN__DUPLICATE_METHOD_MATCH = YES;
				COPY_PHASE_STRIP = NO;
				DEBUG_INFORMATION_FORMAT = dwarf;
				ENABLE_STRICT_OBJC_MSGSEND = YES;
				ENABLE_TESTABILITY = YES;
				ENABLE_USER_SCRIPT_SANDBOXING = YES;
				GCC_C_LANGUAGE_STANDARD = gnu17;
				GCC_DYNAMIC_NO_PIC = NO;
				GCC_NO_COMMON_BLOCKS = YES;
				GCC_OPTIMIZATION_LEVEL = 0;
				GCC_PREPROCESSOR_DEFINITIONS = (
					"DEBUG=1",
					"$(inherited)",
				);
				GCC_WARN_64_TO_32_BIT_CONVERSION = YES;
				GCC_WARN_ABOUT_RETURN_TYPE = YES_ERROR;
				GCC_WARN_UNDECLARED_SELECTOR = YES;
				GCC_WARN_UNINITIALIZED_AUTOS = YES_AGGRESSIVE;
				GCC_WARN_UNUSED_FUNCTION = YES;
				GCC_WARN_UNUSED_VARIABLE = YES;
				IPHONEOS_DEPLOYMENT_TARGET = 18.0;
				LOCALIZATION_PREFERS_STRING_CATALOGS = YES;
				MTL_ENABLE_DEBUG_INFO = INCLUDE_SOURCE;
				MTL_FAST_MATH = YES;
				ONLY_ACTIVE_ARCH = YES;
				SDKROOT = iphoneos;
				SWIFT_ACTIVE_COMPILATION_CONDITIONS = "DEBUG $(inherited)";
				SWIFT_OPTIMIZATION_LEVEL = "-Onone";
			};
			name = Debug;
		};
		20B5D7992D330CD100DF71FC /* Release */ = {
			isa = XCBuildConfiguration;
			buildSettings = {
				ALWAYS_SEARCH_USER_PATHS = NO;
				ASSETCATALOG_COMPILER_GENERATE_SWIFT_ASSET_SYMBOL_EXTENSIONS = YES;
				CLANG_ANALYZER_NONNULL = YES;
				CLANG_ANALYZER_NUMBER_OBJECT_CONVERSION = YES_AGGRESSIVE;
				CLANG_CXX_LANGUAGE_STANDARD = "gnu++20";
				CLANG_ENABLE_MODULES = YES;
				CLANG_ENABLE_OBJC_ARC = YES;
				CLANG_ENABLE_OBJC_WEAK = YES;
				CLANG_WARN_BLOCK_CAPTURE_AUTORELEASING = YES;
				CLANG_WARN_BOOL_CONVERSION = YES;
				CLANG_WARN_COMMA = YES;
				CLANG_WARN_CONSTANT_CONVERSION = YES;
				CLANG_WARN_DEPRECATED_OBJC_IMPLEMENTATIONS = YES;
				CLANG_WARN_DIRECT_OBJC_ISA_USAGE = YES_ERROR;
				CLANG_WARN_DOCUMENTATION_COMMENTS = YES;
				CLANG_WARN_EMPTY_BODY = YES;
				CLANG_WARN_ENUM_CONVERSION = YES;
				CLANG_WARN_INFINITE_RECURSION = YES;
				CLANG_WARN_INT_CONVERSION = YES;
				CLANG_WARN_NON_LITERAL_NULL_CONVERSION = YES;
				CLANG_WARN_OBJC_IMPLICIT_RETAIN_SELF = YES;
				CLANG_WARN_OBJC_LITERAL_CONVERSION = YES;
				CLANG_WARN_OBJC_ROOT_CLASS = YES_ERROR;
				CLANG_WARN_QUOTED_INCLUDE_IN_FRAMEWORK_HEADER = YES;
				CLANG_WARN_RANGE_LOOP_ANALYSIS = YES;
				CLANG_WARN_STRICT_PROTOTYPES = YES;
				CLANG_WARN_SUSPICIOUS_MOVE = YES;
				CLANG_WARN_UNGUARDED_AVAILABILITY = YES_AGGRESSIVE;
				CLANG_WARN_UNREACHABLE_CODE = YES;
				CLANG_WARN__DUPLICATE_METHOD_MATCH = YES;
				COPY_PHASE_STRIP = NO;
				DEBUG_INFORMATION_FORMAT = "dwarf-with-dsym";
				ENABLE_NS_ASSERTIONS = NO;
				ENABLE_STRICT_OBJC_MSGSEND = YES;
				ENABLE_USER_SCRIPT_SANDBOXING = YES;
				GCC_C_LANGUAGE_STANDARD = gnu17;
				GCC_NO_COMMON_BLOCKS = YES;
				GCC_WARN_64_TO_32_BIT_CONVERSION = YES;
				GCC_WARN_ABOUT_RETURN_TYPE = YES_ERROR;
				GCC_WARN_UNDECLARED_SELECTOR = YES;
				GCC_WARN_UNINITIALIZED_AUTOS = YES_AGGRESSIVE;
				GCC_WARN_UNUSED_FUNCTION = YES;
				GCC_WARN_UNUSED_VARIABLE = YES;
				IPHONEOS_DEPLOYMENT_TARGET = 18.0;
				LOCALIZATION_PREFERS_STRING_CATALOGS = YES;
				MTL_ENABLE_DEBUG_INFO = NO;
				MTL_FAST_MATH = YES;
				SDKROOT = iphoneos;
				SWIFT_COMPILATION_MODE = wholemodule;
				VALIDATE_PRODUCT = YES;
			};
			name = Release;
		};
		20B5D79B2D330CD100DF71FC /* Debug */ = {
			isa = XCBuildConfiguration;
			buildSettings = {
				ASSETCATALOG_COMPILER_APPICON_NAME = AppIcon;
				ASSETCATALOG_COMPILER_GLOBAL_ACCENT_COLOR_NAME = AccentColor;
				CODE_SIGN_STYLE = Automatic;
				CURRENT_PROJECT_VERSION = 1;
				DEVELOPMENT_ASSET_PATHS = "\"arcKB/Preview Content\"";
				DEVELOPMENT_TEAM = QL5542LD8Y;
				ENABLE_PREVIEWS = YES;
				GENERATE_INFOPLIST_FILE = YES;
				INFOPLIST_KEY_NSCameraUsageDescription = "";
				INFOPLIST_KEY_UIApplicationSupportsIndirectInputEvents = YES;
				INFOPLIST_KEY_UILaunchScreen_Generation = YES;
				INFOPLIST_KEY_UIRequiredDeviceCapabilities = arkit;
				INFOPLIST_KEY_UIStatusBarHidden = YES;
				INFOPLIST_KEY_UISupportedInterfaceOrientations_iPad = "UIInterfaceOrientationPortrait UIInterfaceOrientationPortraitUpsideDown UIInterfaceOrientationLandscapeLeft UIInterfaceOrientationLandscapeRight";
				INFOPLIST_KEY_UISupportedInterfaceOrientations_iPhone = "UIInterfaceOrientationPortrait UIInterfaceOrientationLandscapeLeft UIInterfaceOrientationLandscapeRight";
				LD_RUNPATH_SEARCH_PATHS = (
					"$(inherited)",
					"@executable_path/Frameworks",
				);
				MARKETING_VERSION = 1.0;
				PRODUCT_BUNDLE_IDENTIFIER = p01.com.arcKB;
				PRODUCT_NAME = "$(TARGET_NAME)";
				SWIFT_EMIT_LOC_STRINGS = YES;
				SWIFT_VERSION = 5.0;
				TARGETED_DEVICE_FAMILY = "1,2";
			};
			name = Debug;
		};
		20B5D79C2D330CD100DF71FC /* Release */ = {
			isa = XCBuildConfiguration;
			buildSettings = {
				ASSETCATALOG_COMPILER_APPICON_NAME = AppIcon;
				ASSETCATALOG_COMPILER_GLOBAL_ACCENT_COLOR_NAME = AccentColor;
				CODE_SIGN_STYLE = Automatic;
				CURRENT_PROJECT_VERSION = 1;
				DEVELOPMENT_ASSET_PATHS = "\"arcKB/Preview Content\"";
				DEVELOPMENT_TEAM = QL5542LD8Y;
				ENABLE_PREVIEWS = YES;
				GENERATE_INFOPLIST_FILE = YES;
				INFOPLIST_KEY_NSCameraUsageDescription = "";
				INFOPLIST_KEY_UIApplicationSupportsIndirectInputEvents = YES;
				INFOPLIST_KEY_UILaunchScreen_Generation = YES;
				INFOPLIST_KEY_UIRequiredDeviceCapabilities = arkit;
				INFOPLIST_KEY_UIStatusBarHidden = YES;
				INFOPLIST_KEY_UISupportedInterfaceOrientations_iPad = "UIInterfaceOrientationPortrait UIInterfaceOrientationPortraitUpsideDown UIInterfaceOrientationLandscapeLeft UIInterfaceOrientationLandscapeRight";
				INFOPLIST_KEY_UISupportedInterfaceOrientations_iPhone = "UIInterfaceOrientationPortrait UIInterfaceOrientationLandscapeLeft UIInterfaceOrientationLandscapeRight";
				LD_RUNPATH_SEARCH_PATHS = (
					"$(inherited)",
					"@executable_path/Frameworks",
				);
				MARKETING_VERSION = 1.0;
				PRODUCT_BUNDLE_IDENTIFIER = p01.com.arcKB;
				PRODUCT_NAME = "$(TARGET_NAME)";
				SWIFT_EMIT_LOC_STRINGS = YES;
				SWIFT_VERSION = 5.0;
				TARGETED_DEVICE_FAMILY = "1,2";
			};
			name = Release;
		};
		20B5D79E2D330CD100DF71FC /* Debug */ = {
			isa = XCBuildConfiguration;
			buildSettings = {
				BUNDLE_LOADER = "$(TEST_HOST)";
				CODE_SIGN_STYLE = Automatic;
				CURRENT_PROJECT_VERSION = 1;
				DEVELOPMENT_TEAM = QL5542LD8Y;
				GENERATE_INFOPLIST_FILE = YES;
				IPHONEOS_DEPLOYMENT_TARGET = 18.0;
				MARKETING_VERSION = 1.0;
				PRODUCT_BUNDLE_IDENTIFIER = p01.com.arcKBTests;
				PRODUCT_NAME = "$(TARGET_NAME)";
				SWIFT_EMIT_LOC_STRINGS = NO;
				SWIFT_VERSION = 5.0;
				TARGETED_DEVICE_FAMILY = "1,2";
				TEST_HOST = "$(BUILT_PRODUCTS_DIR)/arcKB.app/$(BUNDLE_EXECUTABLE_FOLDER_PATH)/arcKB";
			};
			name = Debug;
		};
		20B5D79F2D330CD100DF71FC /* Release */ = {
			isa = XCBuildConfiguration;
			buildSettings = {
				BUNDLE_LOADER = "$(TEST_HOST)";
				CODE_SIGN_STYLE = Automatic;
				CURRENT_PROJECT_VERSION = 1;
				DEVELOPMENT_TEAM = QL5542LD8Y;
				GENERATE_INFOPLIST_FILE = YES;
				IPHONEOS_DEPLOYMENT_TARGET = 18.0;
				MARKETING_VERSION = 1.0;
				PRODUCT_BUNDLE_IDENTIFIER = p01.com.arcKBTests;
				PRODUCT_NAME = "$(TARGET_NAME)";
				SWIFT_EMIT_LOC_STRINGS = NO;
				SWIFT_VERSION = 5.0;
				TARGETED_DEVICE_FAMILY = "1,2";
				TEST_HOST = "$(BUILT_PRODUCTS_DIR)/arcKB.app/$(BUNDLE_EXECUTABLE_FOLDER_PATH)/arcKB";
			};
			name = Release;
		};
		20B5D7A12D330CD100DF71FC /* Debug */ = {
			isa = XCBuildConfiguration;
			buildSettings = {
				CODE_SIGN_STYLE = Automatic;
				CURRENT_PROJECT_VERSION = 1;
				DEVELOPMENT_TEAM = QL5542LD8Y;
				GENERATE_INFOPLIST_FILE = YES;
				MARKETING_VERSION = 1.0;
				PRODUCT_BUNDLE_IDENTIFIER = p01.com.arcKBUITests;
				PRODUCT_NAME = "$(TARGET_NAME)";
				SWIFT_EMIT_LOC_STRINGS = NO;
				SWIFT_VERSION = 5.0;
				TARGETED_DEVICE_FAMILY = "1,2";
				TEST_TARGET_NAME = arcKB;
			};
			name = Debug;
		};
		20B5D7A22D330CD100DF71FC /* Release */ = {
			isa = XCBuildConfiguration;
			buildSettings = {
				CODE_SIGN_STYLE = Automatic;
				CURRENT_PROJECT_VERSION = 1;
				DEVELOPMENT_TEAM = QL5542LD8Y;
				GENERATE_INFOPLIST_FILE = YES;
				MARKETING_VERSION = 1.0;
				PRODUCT_BUNDLE_IDENTIFIER = p01.com.arcKBUITests;
				PRODUCT_NAME = "$(TARGET_NAME)";
				SWIFT_EMIT_LOC_STRINGS = NO;
				SWIFT_VERSION = 5.0;
				TARGETED_DEVICE_FAMILY = "1,2";
				TEST_TARGET_NAME = arcKB;
			};
			name = Release;
		};
/* End XCBuildConfiguration section */

/* Begin XCConfigurationList section */
		20B5D7712D330CCF00DF71FC /* Build configuration list for PBXProject "arcKB" */ = {
			isa = XCConfigurationList;
			buildConfigurations = (
				20B5D7982D330CD100DF71FC /* Debug */,
				20B5D7992D330CD100DF71FC /* Release */,
			);
			defaultConfigurationIsVisible = 0;
			defaultConfigurationName = Release;
		};
		20B5D79A2D330CD100DF71FC /* Build configuration list for PBXNativeTarget "arcKB" */ = {
			isa = XCConfigurationList;
			buildConfigurations = (
				20B5D79B2D330CD100DF71FC /* Debug */,
				20B5D79C2D330CD100DF71FC /* Release */,
			);
			defaultConfigurationIsVisible = 0;
			defaultConfigurationName = Release;
		};
		20B5D79D2D330CD100DF71FC /* Build configuration list for PBXNativeTarget "arcKBTests" */ = {
			isa = XCConfigurationList;
			buildConfigurations = (
				20B5D79E2D330CD100DF71FC /* Debug */,
				20B5D79F2D330CD100DF71FC /* Release */,
			);
			defaultConfigurationIsVisible = 0;
			defaultConfigurationName = Release;
		};
		20B5D7A02D330CD100DF71FC /* Build configuration list for PBXNativeTarget "arcKBUITests" */ = {
			isa = XCConfigurationList;
			buildConfigurations = (
				20B5D7A12D330CD100DF71FC /* Debug */,
				20B5D7A22D330CD100DF71FC /* Release */,
			);
			defaultConfigurationIsVisible = 0;
			defaultConfigurationName = Release;
		};
/* End XCConfigurationList section */
	};
	rootObject = 20B5D76E2D330CCF00DF71FC /* Project object */;
}
